// !$*UTF8*$!
{
	archiveVersion = 1;
	classes = {
	};
	objectVersion = 77;
	objects = {

/* Begin PBXBuildFile section */
		F66D23C32EACABEA00DB549E /* AppDelegate.swift in Sources */ = {isa = PBXBuildFile; fileRef = F66D23BC2EACABEA00DB549E /* AppDelegate.swift */; };
		F66D23C42EACABEA00DB549E /* SceneDelegate.swift in Sources */ = {isa = PBXBuildFile; fileRef = F66D23C12EACABEA00DB549E /* SceneDelegate.swift */; };
		F66D23C52EACABEA00DB549E /* Assets.xcassets in Resources */ = {isa = PBXBuildFile; fileRef = F66D23BD2EACABEA00DB549E /* Assets.xcassets */; };
		F66D23C72EACABEA00DB549E /* LaunchScreen.storyboard in Resources */ = {isa = PBXBuildFile; fileRef = F66D23C02EACABEA00DB549E /* LaunchScreen.storyboard */; };
		F66D23D42EACAC5C00DB549E /* Pretendard-Bold.otf in Resources */ = {isa = PBXBuildFile; fileRef = F66D23CC2EACAC5C00DB549E /* Pretendard-Bold.otf */; };
		F66D23D52EACAC5C00DB549E /* Pretendard-ExtraLight.otf in Resources */ = {isa = PBXBuildFile; fileRef = F66D23CE2EACAC5C00DB549E /* Pretendard-ExtraLight.otf */; };
		F66D23D62EACAC5C00DB549E /* Pretendard-Medium.otf in Resources */ = {isa = PBXBuildFile; fileRef = F66D23D02EACAC5C00DB549E /* Pretendard-Medium.otf */; };
		F66D23D72EACAC5C00DB549E /* Pretendard-Light.otf in Resources */ = {isa = PBXBuildFile; fileRef = F66D23CF2EACAC5C00DB549E /* Pretendard-Light.otf */; };
		F66D23D82EACAC5C00DB549E /* Pretendard-Thin.otf in Resources */ = {isa = PBXBuildFile; fileRef = F66D23D32EACAC5C00DB549E /* Pretendard-Thin.otf */; };
		F66D23D92EACAC5C00DB549E /* Pretendard-Black.otf in Resources */ = {isa = PBXBuildFile; fileRef = F66D23CB2EACAC5C00DB549E /* Pretendard-Black.otf */; };
		F66D23DA2EACAC5C00DB549E /* Pretendard-Regular.otf in Resources */ = {isa = PBXBuildFile; fileRef = F66D23D12EACAC5C00DB549E /* Pretendard-Regular.otf */; };
		F66D23DB2EACAC5C00DB549E /* Pretendard-SemiBold.otf in Resources */ = {isa = PBXBuildFile; fileRef = F66D23D22EACAC5C00DB549E /* Pretendard-SemiBold.otf */; };
		F66D23DC2EACAC5C00DB549E /* Pretendard-ExtraBold.otf in Resources */ = {isa = PBXBuildFile; fileRef = F66D23CD2EACAC5C00DB549E /* Pretendard-ExtraBold.otf */; };
		F66D23DF2EADEAA700DB549E /* SnapKit in Frameworks */ = {isa = PBXBuildFile; productRef = F66D23DE2EADEAA700DB549E /* SnapKit */; };
		F66D23E22EADEAB200DB549E /* Then in Frameworks */ = {isa = PBXBuildFile; productRef = F66D23E12EADEAB200DB549E /* Then */; };
		F66D24082EAE338400DB549E /* UIFont+.swift in Sources */ = {isa = PBXBuildFile; fileRef = F66D24072EAE338400DB549E /* UIFont+.swift */; };
		F66D240A2EAE356A00DB549E /* UITextField+.swift in Sources */ = {isa = PBXBuildFile; fileRef = F66D24092EAE356A00DB549E /* UITextField+.swift */; };
		F66D240C2EAE35B700DB549E /* UIView+.swift in Sources */ = {isa = PBXBuildFile; fileRef = F66D240B2EAE35B700DB549E /* UIView+.swift */; };
/* End PBXBuildFile section */

/* Begin PBXFileReference section */
		F66D23A42EA8E97C00DB549E /* AhnChiWook_assignment.app */ = {isa = PBXFileReference; explicitFileType = wrapper.application; includeInIndex = 0; path = AhnChiWook_assignment.app; sourceTree = BUILT_PRODUCTS_DIR; };
		F66D23BC2EACABEA00DB549E /* AppDelegate.swift */ = {isa = PBXFileReference; lastKnownFileType = sourcecode.swift; path = AppDelegate.swift; sourceTree = "<group>"; };
		F66D23BD2EACABEA00DB549E /* Assets.xcassets */ = {isa = PBXFileReference; lastKnownFileType = folder.assetcatalog; path = Assets.xcassets; sourceTree = "<group>"; };
		F66D23BE2EACABEA00DB549E /* Info.plist */ = {isa = PBXFileReference; lastKnownFileType = text.plist.xml; path = Info.plist; sourceTree = "<group>"; };
		F66D23BF2EACABEA00DB549E /* Base */ = {isa = PBXFileReference; lastKnownFileType = file.storyboard; name = Base; path = Base.lproj/LaunchScreen.storyboard; sourceTree = "<group>"; };
		F66D23C12EACABEA00DB549E /* SceneDelegate.swift */ = {isa = PBXFileReference; lastKnownFileType = sourcecode.swift; path = SceneDelegate.swift; sourceTree = "<group>"; };
		F66D23CB2EACAC5C00DB549E /* Pretendard-Black.otf */ = {isa = PBXFileReference; lastKnownFileType = file; path = "Pretendard-Black.otf"; sourceTree = "<group>"; };
		F66D23CC2EACAC5C00DB549E /* Pretendard-Bold.otf */ = {isa = PBXFileReference; lastKnownFileType = file; path = "Pretendard-Bold.otf"; sourceTree = "<group>"; };
		F66D23CD2EACAC5C00DB549E /* Pretendard-ExtraBold.otf */ = {isa = PBXFileReference; lastKnownFileType = file; path = "Pretendard-ExtraBold.otf"; sourceTree = "<group>"; };
		F66D23CE2EACAC5C00DB549E /* Pretendard-ExtraLight.otf */ = {isa = PBXFileReference; lastKnownFileType = file; path = "Pretendard-ExtraLight.otf"; sourceTree = "<group>"; };
		F66D23CF2EACAC5C00DB549E /* Pretendard-Light.otf */ = {isa = PBXFileReference; lastKnownFileType = file; path = "Pretendard-Light.otf"; sourceTree = "<group>"; };
		F66D23D02EACAC5C00DB549E /* Pretendard-Medium.otf */ = {isa = PBXFileReference; lastKnownFileType = file; path = "Pretendard-Medium.otf"; sourceTree = "<group>"; };
		F66D23D12EACAC5C00DB549E /* Pretendard-Regular.otf */ = {isa = PBXFileReference; lastKnownFileType = file; path = "Pretendard-Regular.otf"; sourceTree = "<group>"; };
		F66D23D22EACAC5C00DB549E /* Pretendard-SemiBold.otf */ = {isa = PBXFileReference; lastKnownFileType = file; path = "Pretendard-SemiBold.otf"; sourceTree = "<group>"; };
		F66D23D32EACAC5C00DB549E /* Pretendard-Thin.otf */ = {isa = PBXFileReference; lastKnownFileType = file; path = "Pretendard-Thin.otf"; sourceTree = "<group>"; };
		F66D24072EAE338400DB549E /* UIFont+.swift */ = {isa = PBXFileReference; lastKnownFileType = sourcecode.swift; path = "UIFont+.swift"; sourceTree = "<group>"; };
		F66D24092EAE356A00DB549E /* UITextField+.swift */ = {isa = PBXFileReference; lastKnownFileType = sourcecode.swift; path = "UITextField+.swift"; sourceTree = "<group>"; };
		F66D240B2EAE35B700DB549E /* UIView+.swift */ = {isa = PBXFileReference; lastKnownFileType = sourcecode.swift; path = "UIView+.swift"; sourceTree = "<group>"; };
/* End PBXFileReference section */

/* Begin PBXFrameworksBuildPhase section */
		F66D23A12EA8E97C00DB549E /* Frameworks */ = {
			isa = PBXFrameworksBuildPhase;
			buildActionMask = 2147483647;
			files = (
				F66D23DF2EADEAA700DB549E /* SnapKit in Frameworks */,
				F66D23E22EADEAB200DB549E /* Then in Frameworks */,
			);
			runOnlyForDeploymentPostprocessing = 0;
		};
/* End PBXFrameworksBuildPhase section */

/* Begin PBXGroup section */
		F66D239B2EA8E97C00DB549E = {
			isa = PBXGroup;
			children = (
				F66D23C22EACABEA00DB549E /* AhnChiWook_assignment */,
				F66D23A52EA8E97C00DB549E /* Products */,
			);
			sourceTree = "<group>";
		};
		F66D23A52EA8E97C00DB549E /* Products */ = {
			isa = PBXGroup;
			children = (
				F66D23A42EA8E97C00DB549E /* AhnChiWook_assignment.app */,
			);
			name = Products;
			sourceTree = "<group>";
		};
		F66D23C22EACABEA00DB549E /* AhnChiWook_assignment */ = {
			isa = PBXGroup;
			children = (
				F66D23C82EACABED00DB549E /* Global */,
				F66D23BC2EACABEA00DB549E /* AppDelegate.swift */,
				F66D23BE2EACABEA00DB549E /* Info.plist */,
				F66D23C02EACABEA00DB549E /* LaunchScreen.storyboard */,
				F66D23C12EACABEA00DB549E /* SceneDelegate.swift */,
			);
			path = AhnChiWook_assignment;
			sourceTree = "<group>";
		};
		F66D23C82EACABED00DB549E /* Global */ = {
			isa = PBXGroup;
			children = (
				F66D23CA2EACAC4000DB549E /* Fonts */,
				F66D23C92EACAC0000DB549E /* Extensions */,
				F66D23BD2EACABEA00DB549E /* Assets.xcassets */,
			);
			path = Global;
			sourceTree = "<group>";
		};
		F66D23C92EACAC0000DB549E /* Extensions */ = {
			isa = PBXGroup;
			children = (
				F66D240B2EAE35B700DB549E /* UIView+.swift */,
				F66D24092EAE356A00DB549E /* UITextField+.swift */,
				F66D24072EAE338400DB549E /* UIFont+.swift */,
			);
			path = Extensions;
			sourceTree = "<group>";
		};
		F66D23CA2EACAC4000DB549E /* Fonts */ = {
			isa = PBXGroup;
			children = (
				F66D23CB2EACAC5C00DB549E /* Pretendard-Black.otf */,
				F66D23CC2EACAC5C00DB549E /* Pretendard-Bold.otf */,
				F66D23CD2EACAC5C00DB549E /* Pretendard-ExtraBold.otf */,
				F66D23CE2EACAC5C00DB549E /* Pretendard-ExtraLight.otf */,
				F66D23CF2EACAC5C00DB549E /* Pretendard-Light.otf */,
				F66D23D02EACAC5C00DB549E /* Pretendard-Medium.otf */,
				F66D23D12EACAC5C00DB549E /* Pretendard-Regular.otf */,
				F66D23D22EACAC5C00DB549E /* Pretendard-SemiBold.otf */,
				F66D23D32EACAC5C00DB549E /* Pretendard-Thin.otf */,
			);
			path = Fonts;
			sourceTree = "<group>";
		};
/* End PBXGroup section */

/* Begin PBXNativeTarget section */
		F66D23A32EA8E97C00DB549E /* AhnChiWook_assignment */ = {
			isa = PBXNativeTarget;
			buildConfigurationList = F66D23B72EA8E97E00DB549E /* Build configuration list for PBXNativeTarget "AhnChiWook_assignment" */;
			buildPhases = (
				F66D23A02EA8E97C00DB549E /* Sources */,
				F66D23A12EA8E97C00DB549E /* Frameworks */,
				F66D23A22EA8E97C00DB549E /* Resources */,
			);
			buildRules = (
			);
			dependencies = (
			);
			name = AhnChiWook_assignment;
			packageProductDependencies = (
				F66D23DE2EADEAA700DB549E /* SnapKit */,
				F66D23E12EADEAB200DB549E /* Then */,
			);
			productName = AhnChiWook_assignment;
			productReference = F66D23A42EA8E97C00DB549E /* AhnChiWook_assignment.app */;
			productType = "com.apple.product-type.application";
		};
/* End PBXNativeTarget section */

/* Begin PBXProject section */
		F66D239C2EA8E97C00DB549E /* Project object */ = {
			isa = PBXProject;
			attributes = {
				BuildIndependentTargetsInParallel = 1;
				LastSwiftUpdateCheck = 2600;
				LastUpgradeCheck = 2600;
				TargetAttributes = {
					F66D23A32EA8E97C00DB549E = {
						CreatedOnToolsVersion = 26.0;
					};
				};
			};
			buildConfigurationList = F66D239F2EA8E97C00DB549E /* Build configuration list for PBXProject "AhnChiWook_assignment" */;
			developmentRegion = en;
			hasScannedForEncodings = 0;
			knownRegions = (
				en,
				Base,
			);
			mainGroup = F66D239B2EA8E97C00DB549E;
			minimizedProjectReferenceProxies = 1;
			packageReferences = (
				F66D23DD2EADEAA700DB549E /* XCRemoteSwiftPackageReference "SnapKit" */,
				F66D23E02EADEAB200DB549E /* XCRemoteSwiftPackageReference "Then" */,
			);
			preferredProjectObjectVersion = 77;
			productRefGroup = F66D23A52EA8E97C00DB549E /* Products */;
			projectDirPath = "";
			projectRoot = "";
			targets = (
				F66D23A32EA8E97C00DB549E /* AhnChiWook_assignment */,
			);
		};
/* End PBXProject section */

/* Begin PBXResourcesBuildPhase section */
		F66D23A22EA8E97C00DB549E /* Resources */ = {
			isa = PBXResourcesBuildPhase;
			buildActionMask = 2147483647;
			files = (
				F66D23C52EACABEA00DB549E /* Assets.xcassets in Resources */,
				F66D23C72EACABEA00DB549E /* LaunchScreen.storyboard in Resources */,
				F66D23D42EACAC5C00DB549E /* Pretendard-Bold.otf in Resources */,
				F66D23D52EACAC5C00DB549E /* Pretendard-ExtraLight.otf in Resources */,
				F66D23D62EACAC5C00DB549E /* Pretendard-Medium.otf in Resources */,
				F66D23D72EACAC5C00DB549E /* Pretendard-Light.otf in Resources */,
				F66D23D82EACAC5C00DB549E /* Pretendard-Thin.otf in Resources */,
				F66D23D92EACAC5C00DB549E /* Pretendard-Black.otf in Resources */,
				F66D23DA2EACAC5C00DB549E /* Pretendard-Regular.otf in Resources */,
				F66D23DB2EACAC5C00DB549E /* Pretendard-SemiBold.otf in Resources */,
				F66D23DC2EACAC5C00DB549E /* Pretendard-ExtraBold.otf in Resources */,
			);
			runOnlyForDeploymentPostprocessing = 0;
		};
/* End PBXResourcesBuildPhase section */

/* Begin PBXSourcesBuildPhase section */
		F66D23A02EA8E97C00DB549E /* Sources */ = {
			isa = PBXSourcesBuildPhase;
			buildActionMask = 2147483647;
			files = (
				F66D240C2EAE35B700DB549E /* UIView+.swift in Sources */,
				F66D24082EAE338400DB549E /* UIFont+.swift in Sources */,
				F66D240A2EAE356A00DB549E /* UITextField+.swift in Sources */,
				F66D23C32EACABEA00DB549E /* AppDelegate.swift in Sources */,
				F66D23C42EACABEA00DB549E /* SceneDelegate.swift in Sources */,
			);
			runOnlyForDeploymentPostprocessing = 0;
		};
/* End PBXSourcesBuildPhase section */

/* Begin PBXVariantGroup section */
		F66D23C02EACABEA00DB549E /* LaunchScreen.storyboard */ = {
			isa = PBXVariantGroup;
			children = (
				F66D23BF2EACABEA00DB549E /* Base */,
			);
			name = LaunchScreen.storyboard;
			sourceTree = "<group>";
		};
/* End PBXVariantGroup section */

/* Begin XCBuildConfiguration section */
		F66D23B82EA8E97E00DB549E /* Debug */ = {
			isa = XCBuildConfiguration;
			buildSettings = {
				ASSETCATALOG_COMPILER_APPICON_NAME = AppIcon;
				ASSETCATALOG_COMPILER_GLOBAL_ACCENT_COLOR_NAME = AccentColor;
				CODE_SIGN_STYLE = Automatic;
				CURRENT_PROJECT_VERSION = 1;
				GENERATE_INFOPLIST_FILE = YES;
				INFOPLIST_FILE = AhnChiWook_assignment/Info.plist;
				INFOPLIST_KEY_UIApplicationSupportsIndirectInputEvents = YES;
				INFOPLIST_KEY_UILaunchStoryboardName = LaunchScreen;
				INFOPLIST_KEY_UISupportedInterfaceOrientations_iPad = "UIInterfaceOrientationPortrait UIInterfaceOrientationPortraitUpsideDown UIInterfaceOrientationLandscapeLeft UIInterfaceOrientationLandscapeRight";
				INFOPLIST_KEY_UISupportedInterfaceOrientations_iPhone = "UIInterfaceOrientationPortrait UIInterfaceOrientationLandscapeLeft UIInterfaceOrientationLandscapeRight";
				LD_RUNPATH_SEARCH_PATHS = (
					"$(inherited)",
					"@executable_path/Frameworks",
				);
				MARKETING_VERSION = 1.0;
				PRODUCT_BUNDLE_IDENTIFIER = "com.koowihc.AhnChiWook-assignment";
				PRODUCT_NAME = "$(TARGET_NAME)";
				STRING_CATALOG_GENERATE_SYMBOLS = YES;
				SWIFT_APPROACHABLE_CONCURRENCY = YES;
				SWIFT_DEFAULT_ACTOR_ISOLATION = MainActor;
				SWIFT_EMIT_LOC_STRINGS = YES;
				SWIFT_UPCOMING_FEATURE_MEMBER_IMPORT_VISIBILITY = YES;
				SWIFT_VERSION = 5.0;
				TARGETED_DEVICE_FAMILY = "1,2";
			};
			name = Debug;
		};
		F66D23B92EA8E97E00DB549E /* Release */ = {
			isa = XCBuildConfiguration;
			buildSettings = {
				ASSETCATALOG_COMPILER_APPICON_NAME = AppIcon;
				ASSETCATALOG_COMPILER_GLOBAL_ACCENT_COLOR_NAME = AccentColor;
				CODE_SIGN_STYLE = Automatic;
				CURRENT_PROJECT_VERSION = 1;
				GENERATE_INFOPLIST_FILE = YES;
				INFOPLIST_FILE = AhnChiWook_assignment/Info.plist;
				INFOPLIST_KEY_UIApplicationSupportsIndirectInputEvents = YES;
				INFOPLIST_KEY_UILaunchStoryboardName = LaunchScreen;
				INFOPLIST_KEY_UISupportedInterfaceOrientations_iPad = "UIInterfaceOrientationPortrait UIInterfaceOrientationPortraitUpsideDown UIInterfaceOrientationLandscapeLeft UIInterfaceOrientationLandscapeRight";
				INFOPLIST_KEY_UISupportedInterfaceOrientations_iPhone = "UIInterfaceOrientationPortrait UIInterfaceOrientationLandscapeLeft UIInterfaceOrientationLandscapeRight";
				LD_RUNPATH_SEARCH_PATHS = (
					"$(inherited)",
					"@executable_path/Frameworks",
				);
				MARKETING_VERSION = 1.0;
				PRODUCT_BUNDLE_IDENTIFIER = "com.koowihc.AhnChiWook-assignment";
				PRODUCT_NAME = "$(TARGET_NAME)";
				STRING_CATALOG_GENERATE_SYMBOLS = YES;
				SWIFT_APPROACHABLE_CONCURRENCY = YES;
				SWIFT_DEFAULT_ACTOR_ISOLATION = MainActor;
				SWIFT_EMIT_LOC_STRINGS = YES;
				SWIFT_UPCOMING_FEATURE_MEMBER_IMPORT_VISIBILITY = YES;
				SWIFT_VERSION = 5.0;
				TARGETED_DEVICE_FAMILY = "1,2";
			};
			name = Release;
		};
		F66D23BA2EA8E97E00DB549E /* Debug */ = {
			isa = XCBuildConfiguration;
			buildSettings = {
				ALWAYS_SEARCH_USER_PATHS = NO;
				ASSETCATALOG_COMPILER_GENERATE_SWIFT_ASSET_SYMBOL_EXTENSIONS = YES;
				CLANG_ANALYZER_NONNULL = YES;
				CLANG_ANALYZER_NUMBER_OBJECT_CONVERSION = YES_AGGRESSIVE;
				CLANG_CXX_LANGUAGE_STANDARD = "gnu++20";
				CLANG_ENABLE_MODULES = YES;
				CLANG_ENABLE_OBJC_ARC = YES;
				CLANG_ENABLE_OBJC_WEAK = YES;
				CLANG_WARN_BLOCK_CAPTURE_AUTORELEASING = YES;
				CLANG_WARN_BOOL_CONVERSION = YES;
				CLANG_WARN_COMMA = YES;
				CLANG_WARN_CONSTANT_CONVERSION = YES;
				CLANG_WARN_DEPRECATED_OBJC_IMPLEMENTATIONS = YES;
				CLANG_WARN_DIRECT_OBJC_ISA_USAGE = YES_ERROR;
				CLANG_WARN_DOCUMENTATION_COMMENTS = YES;
				CLANG_WARN_EMPTY_BODY = YES;
				CLANG_WARN_ENUM_CONVERSION = YES;
				CLANG_WARN_INFINITE_RECURSION = YES;
				CLANG_WARN_INT_CONVERSION = YES;
				CLANG_WARN_NON_LITERAL_NULL_CONVERSION = YES;
				CLANG_WARN_OBJC_IMPLICIT_RETAIN_SELF = YES;
				CLANG_WARN_OBJC_LITERAL_CONVERSION = YES;
				CLANG_WARN_OBJC_ROOT_CLASS = YES_ERROR;
				CLANG_WARN_QUOTED_INCLUDE_IN_FRAMEWORK_HEADER = YES;
				CLANG_WARN_RANGE_LOOP_ANALYSIS = YES;
				CLANG_WARN_STRICT_PROTOTYPES = YES;
				CLANG_WARN_SUSPICIOUS_MOVE = YES;
				CLANG_WARN_UNGUARDED_AVAILABILITY = YES_AGGRESSIVE;
				CLANG_WARN_UNREACHABLE_CODE = YES;
				CLANG_WARN__DUPLICATE_METHOD_MATCH = YES;
				COPY_PHASE_STRIP = NO;
				DEBUG_INFORMATION_FORMAT = dwarf;
				ENABLE_STRICT_OBJC_MSGSEND = YES;
				ENABLE_TESTABILITY = YES;
				ENABLE_USER_SCRIPT_SANDBOXING = YES;
				GCC_C_LANGUAGE_STANDARD = gnu17;
				GCC_DYNAMIC_NO_PIC = NO;
				GCC_NO_COMMON_BLOCKS = YES;
				GCC_OPTIMIZATION_LEVEL = 0;
				GCC_PREPROCESSOR_DEFINITIONS = (
					"DEBUG=1",
					"$(inherited)",
				);
				GCC_WARN_64_TO_32_BIT_CONVERSION = YES;
				GCC_WARN_ABOUT_RETURN_TYPE = YES_ERROR;
				GCC_WARN_UNDECLARED_SELECTOR = YES;
				GCC_WARN_UNINITIALIZED_AUTOS = YES_AGGRESSIVE;
				GCC_WARN_UNUSED_FUNCTION = YES;
				GCC_WARN_UNUSED_VARIABLE = YES;
				IPHONEOS_DEPLOYMENT_TARGET = 26.0;
				LOCALIZATION_PREFERS_STRING_CATALOGS = YES;
				MTL_ENABLE_DEBUG_INFO = INCLUDE_SOURCE;
				MTL_FAST_MATH = YES;
				ONLY_ACTIVE_ARCH = YES;
				SDKROOT = iphoneos;
				SWIFT_ACTIVE_COMPILATION_CONDITIONS = "DEBUG $(inherited)";
				SWIFT_OPTIMIZATION_LEVEL = "-Onone";
			};
			name = Debug;
		};
		F66D23BB2EA8E97E00DB549E /* Release */ = {
			isa = XCBuildConfiguration;
			buildSettings = {
				ALWAYS_SEARCH_USER_PATHS = NO;
				ASSETCATALOG_COMPILER_GENERATE_SWIFT_ASSET_SYMBOL_EXTENSIONS = YES;
				CLANG_ANALYZER_NONNULL = YES;
				CLANG_ANALYZER_NUMBER_OBJECT_CONVERSION = YES_AGGRESSIVE;
				CLANG_CXX_LANGUAGE_STANDARD = "gnu++20";
				CLANG_ENABLE_MODULES = YES;
				CLANG_ENABLE_OBJC_ARC = YES;
				CLANG_ENABLE_OBJC_WEAK = YES;
				CLANG_WARN_BLOCK_CAPTURE_AUTORELEASING = YES;
				CLANG_WARN_BOOL_CONVERSION = YES;
				CLANG_WARN_COMMA = YES;
				CLANG_WARN_CONSTANT_CONVERSION = YES;
				CLANG_WARN_DEPRECATED_OBJC_IMPLEMENTATIONS = YES;
				CLANG_WARN_DIRECT_OBJC_ISA_USAGE = YES_ERROR;
				CLANG_WARN_DOCUMENTATION_COMMENTS = YES;
				CLANG_WARN_EMPTY_BODY = YES;
				CLANG_WARN_ENUM_CONVERSION = YES;
				CLANG_WARN_INFINITE_RECURSION = YES;
				CLANG_WARN_INT_CONVERSION = YES;
				CLANG_WARN_NON_LITERAL_NULL_CONVERSION = YES;
				CLANG_WARN_OBJC_IMPLICIT_RETAIN_SELF = YES;
				CLANG_WARN_OBJC_LITERAL_CONVERSION = YES;
				CLANG_WARN_OBJC_ROOT_CLASS = YES_ERROR;
				CLANG_WARN_QUOTED_INCLUDE_IN_FRAMEWORK_HEADER = YES;
				CLANG_WARN_RANGE_LOOP_ANALYSIS = YES;
				CLANG_WARN_STRICT_PROTOTYPES = YES;
				CLANG_WARN_SUSPICIOUS_MOVE = YES;
				CLANG_WARN_UNGUARDED_AVAILABILITY = YES_AGGRESSIVE;
				CLANG_WARN_UNREACHABLE_CODE = YES;
				CLANG_WARN__DUPLICATE_METHOD_MATCH = YES;
				COPY_PHASE_STRIP = NO;
				DEBUG_INFORMATION_FORMAT = "dwarf-with-dsym";
				ENABLE_NS_ASSERTIONS = NO;
				ENABLE_STRICT_OBJC_MSGSEND = YES;
				ENABLE_USER_SCRIPT_SANDBOXING = YES;
				GCC_C_LANGUAGE_STANDARD = gnu17;
				GCC_NO_COMMON_BLOCKS = YES;
				GCC_WARN_64_TO_32_BIT_CONVERSION = YES;
				GCC_WARN_ABOUT_RETURN_TYPE = YES_ERROR;
				GCC_WARN_UNDECLARED_SELECTOR = YES;
				GCC_WARN_UNINITIALIZED_AUTOS = YES_AGGRESSIVE;
				GCC_WARN_UNUSED_FUNCTION = YES;
				GCC_WARN_UNUSED_VARIABLE = YES;
				IPHONEOS_DEPLOYMENT_TARGET = 26.0;
				LOCALIZATION_PREFERS_STRING_CATALOGS = YES;
				MTL_ENABLE_DEBUG_INFO = NO;
				MTL_FAST_MATH = YES;
				SDKROOT = iphoneos;
				SWIFT_COMPILATION_MODE = wholemodule;
				VALIDATE_PRODUCT = YES;
			};
			name = Release;
		};
/* End XCBuildConfiguration section */

/* Begin XCConfigurationList section */
		F66D239F2EA8E97C00DB549E /* Build configuration list for PBXProject "AhnChiWook_assignment" */ = {
			isa = XCConfigurationList;
			buildConfigurations = (
				F66D23BA2EA8E97E00DB549E /* Debug */,
				F66D23BB2EA8E97E00DB549E /* Release */,
			);
			defaultConfigurationIsVisible = 0;
			defaultConfigurationName = Release;
		};
		F66D23B72EA8E97E00DB549E /* Build configuration list for PBXNativeTarget "AhnChiWook_assignment" */ = {
			isa = XCConfigurationList;
			buildConfigurations = (
				F66D23B82EA8E97E00DB549E /* Debug */,
				F66D23B92EA8E97E00DB549E /* Release */,
			);
			defaultConfigurationIsVisible = 0;
			defaultConfigurationName = Release;
		};
/* End XCConfigurationList section */

/* Begin XCRemoteSwiftPackageReference section */
		F66D23DD2EADEAA700DB549E /* XCRemoteSwiftPackageReference "SnapKit" */ = {
			isa = XCRemoteSwiftPackageReference;
			repositoryURL = "https://github.com/SnapKit/SnapKit.git";
			requirement = {
				kind = upToNextMajorVersion;
				minimumVersion = 5.7.1;
			};
		};
		F66D23E02EADEAB200DB549E /* XCRemoteSwiftPackageReference "Then" */ = {
			isa = XCRemoteSwiftPackageReference;
			repositoryURL = "https://github.com/devxoul/Then.git";
			requirement = {
				kind = upToNextMajorVersion;
				minimumVersion = 3.0.0;
			};
		};
/* End XCRemoteSwiftPackageReference section */

/* Begin XCSwiftPackageProductDependency section */
		F66D23DE2EADEAA700DB549E /* SnapKit */ = {
			isa = XCSwiftPackageProductDependency;
			package = F66D23DD2EADEAA700DB549E /* XCRemoteSwiftPackageReference "SnapKit" */;
			productName = SnapKit;
		};
		F66D23E12EADEAB200DB549E /* Then */ = {
			isa = XCSwiftPackageProductDependency;
			package = F66D23E02EADEAB200DB549E /* XCRemoteSwiftPackageReference "Then" */;
			productName = Then;
		};
/* End XCSwiftPackageProductDependency section */
	};
	rootObject = F66D239C2EA8E97C00DB549E /* Project object */;
}
